
Microsoft Visual Studio Solution File, Format Version 12.00
# Visual Studio Version 17
VisualStudioVersion = 17.5.33424.131
MinimumVisualStudioVersion = 10.0.40219.1
Project("{FAE04EC0-301F-11D3-BF4B-00C04F79EFBC}") = "task", "task\task.csproj", "{3A3E42B7-B044-436F-AAFA-E158B55A81C3}"
EndProject
Project("{FAE04EC0-301F-11D3-BF4B-00C04F79EFBC}") = "Tests", "Tests\Tests.csproj", "{E51FBDE1-A317-4BED-9E33-84D86A4997B7}"
EndProject
Global
	GlobalSection(SolutionConfigurationPlatforms) = preSolution
		Debug|Any CPU = Debug|Any CPU
		Release|Any CPU = Release|Any CPU
	EndGlobalSection
	GlobalSection(ProjectConfigurationPlatforms) = postSolution
		{3A3E42B7-B044-436F-AAFA-E158B55A81C3}.Debug|Any CPU.ActiveCfg = Debug|Any CPU
		{3A3E42B7-B044-436F-AAFA-E158B55A81C3}.Debug|Any CPU.Build.0 = Debug|Any CPU
		{3A3E42B7-B044-436F-AAFA-E158B55A81C3}.Release|Any CPU.ActiveCfg = Release|Any CPU
		{3A3E42B7-B044-436F-AAFA-E158B55A81C3}.Release|Any CPU.Build.0 = Release|Any CPU
		{E51FBDE1-A317-4BED-9E33-84D86A4997B7}.Debug|Any CPU.ActiveCfg = Debug|Any CPU
		{E51FBDE1-A317-4BED-9E33-84D86A4997B7}.Debug|Any CPU.Build.0 = Debug|Any CPU
		{E51FBDE1-A317-4BED-9E33-84D86A4997B7}.Release|Any CPU.ActiveCfg = Release|Any CPU
		{E51FBDE1-A317-4BED-9E33-84D86A4997B7}.Release|Any CPU.Build.0 = Release|Any CPU
	EndGlobalSection
	GlobalSection(SolutionProperties) = preSolution
		HideSolutionNode = FALSE
	EndGlobalSection
	GlobalSection(ExtensibilityGlobals) = postSolution
		SolutionGuid = {54BA5010-9640-4E80-A084-808DEA7559E3}
	EndGlobalSection
EndGlobal
